
Microsoft Visual Studio Solution File, Format Version 12.00
# Visual Studio Version 17
VisualStudioVersion = 17.10.35013.160
MinimumVisualStudioVersion = 10.0.40219.1
Project("{FAE04EC0-301F-11D3-BF4B-00C04F79EFBC}") = "Exercicio01", "Exercicio01\Exercicio01.csproj", "{8E4240BB-D697-4A43-8802-FE7ABA5E1386}"
EndProject
Project("{FAE04EC0-301F-11D3-BF4B-00C04F79EFBC}") = "Exercicio02", "Exercicio02\Exercicio02.csproj", "{9D2F0C5D-26B3-4A1A-820F-4F57ACCE4AA8}"
EndProject
Project("{FAE04EC0-301F-11D3-BF4B-00C04F79EFBC}") = "Exercicio03", "Exercicio03\Exercicio03.csproj", "{3D21D69E-F072-4888-A6A9-443D5FA513AB}"
EndProject
Project("{FAE04EC0-301F-11D3-BF4B-00C04F79EFBC}") = "Exercicio04", "Exercicio04\Exercicio04.csproj", "{D66D113B-1F24-4AFC-BD63-A52F153CBF94}"
EndProject
Project("{FAE04EC0-301F-11D3-BF4B-00C04F79EFBC}") = "Exercicio05", "Exercicio05\Exercicio05.csproj", "{02BFE76F-9F2E-45B3-8C19-A3BE2530AA2A}"
EndProject
Global
	GlobalSection(SolutionConfigurationPlatforms) = preSolution
		Debug|Any CPU = Debug|Any CPU
		Release|Any CPU = Release|Any CPU
	EndGlobalSection
	GlobalSection(ProjectConfigurationPlatforms) = postSolution
		{8E4240BB-D697-4A43-8802-FE7ABA5E1386}.Debug|Any CPU.ActiveCfg = Debug|Any CPU
		{8E4240BB-D697-4A43-8802-FE7ABA5E1386}.Debug|Any CPU.Build.0 = Debug|Any CPU
		{8E4240BB-D697-4A43-8802-FE7ABA5E1386}.Release|Any CPU.ActiveCfg = Release|Any CPU
		{8E4240BB-D697-4A43-8802-FE7ABA5E1386}.Release|Any CPU.Build.0 = Release|Any CPU
		{9D2F0C5D-26B3-4A1A-820F-4F57ACCE4AA8}.Debug|Any CPU.ActiveCfg = Debug|Any CPU
		{9D2F0C5D-26B3-4A1A-820F-4F57ACCE4AA8}.Debug|Any CPU.Build.0 = Debug|Any CPU
		{9D2F0C5D-26B3-4A1A-820F-4F57ACCE4AA8}.Release|Any CPU.ActiveCfg = Release|Any CPU
		{9D2F0C5D-26B3-4A1A-820F-4F57ACCE4AA8}.Release|Any CPU.Build.0 = Release|Any CPU
		{3D21D69E-F072-4888-A6A9-443D5FA513AB}.Debug|Any CPU.ActiveCfg = Debug|Any CPU
		{3D21D69E-F072-4888-A6A9-443D5FA513AB}.Debug|Any CPU.Build.0 = Debug|Any CPU
		{3D21D69E-F072-4888-A6A9-443D5FA513AB}.Release|Any CPU.ActiveCfg = Release|Any CPU
		{3D21D69E-F072-4888-A6A9-443D5FA513AB}.Release|Any CPU.Build.0 = Release|Any CPU
		{D66D113B-1F24-4AFC-BD63-A52F153CBF94}.Debug|Any CPU.ActiveCfg = Debug|Any CPU
		{D66D113B-1F24-4AFC-BD63-A52F153CBF94}.Debug|Any CPU.Build.0 = Debug|Any CPU
		{D66D113B-1F24-4AFC-BD63-A52F153CBF94}.Release|Any CPU.ActiveCfg = Release|Any CPU
		{D66D113B-1F24-4AFC-BD63-A52F153CBF94}.Release|Any CPU.Build.0 = Release|Any CPU
		{02BFE76F-9F2E-45B3-8C19-A3BE2530AA2A}.Debug|Any CPU.ActiveCfg = Debug|Any CPU
		{02BFE76F-9F2E-45B3-8C19-A3BE2530AA2A}.Debug|Any CPU.Build.0 = Debug|Any CPU
		{02BFE76F-9F2E-45B3-8C19-A3BE2530AA2A}.Release|Any CPU.ActiveCfg = Release|Any CPU
		{02BFE76F-9F2E-45B3-8C19-A3BE2530AA2A}.Release|Any CPU.Build.0 = Release|Any CPU
	EndGlobalSection
	GlobalSection(SolutionProperties) = preSolution
		HideSolutionNode = FALSE
	EndGlobalSection
	GlobalSection(ExtensibilityGlobals) = postSolution
		SolutionGuid = {38DABDD7-08C8-4323-9518-E84F8408A663}
	EndGlobalSection
EndGlobal
